
Microsoft Visual Studio Solution File, Format Version 12.00
# Visual Studio Version 16
VisualStudioVersion = 16.0.30717.126
MinimumVisualStudioVersion = 10.0.40219.1
Project("{FAE04EC0-301F-11D3-BF4B-00C04F79EFBC}") = "Tictactoe", "Tictactoe\Tictactoe.csproj", "{45720401-E5EE-4159-808A-34EA4370EF58}"
EndProject
Global
	GlobalSection(SolutionConfigurationPlatforms) = preSolution
		Debug|Any CPU = Debug|Any CPU
		Release|Any CPU = Release|Any CPU
	EndGlobalSection
	GlobalSection(ProjectConfigurationPlatforms) = postSolution
		{45720401-E5EE-4159-808A-34EA4370EF58}.Debug|Any CPU.ActiveCfg = Debug|Any CPU
		{45720401-E5EE-4159-808A-34EA4370EF58}.Debug|Any CPU.Build.0 = Debug|Any CPU
		{45720401-E5EE-4159-808A-34EA4370EF58}.Release|Any CPU.ActiveCfg = Release|Any CPU
		{45720401-E5EE-4159-808A-34EA4370EF58}.Release|Any CPU.Build.0 = Release|Any CPU
	EndGlobalSection
	GlobalSection(SolutionProperties) = preSolution
		HideSolutionNode = FALSE
	EndGlobalSection
	GlobalSection(ExtensibilityGlobals) = postSolution
		SolutionGuid = {2B6AF642-434D-412D-8A56-EF5F82291BF9}
	EndGlobalSection
EndGlobal
